{
    "content-hash": "d27b78f65f8a3c8ffbe18422fa2a9d84", 
    "packages": [
        {
            "name": "symfony/console",
            "version": "v5.4.0",
            "source": {
                "type": "git",
                "url": "https://github.com/symfony/console.git",
                "reference": "abcf8c90747d0f410bda0db582d1f4b7b2f2e5c0"
            },
            "dist": {
                "type": "tar",
                "url": "https://api.github.com/repos/symfony/console/tarball/abcf8c90747d0f410bda0db582d1f4b7b2f2e5c0",
                "reference": "abcf8c90747d0f410bda0db582d1f4b7b2f2e5c0",
                "shasum": ""
            },
            "require": {
                "php": "^7.2.5 || ^8.0"
            },
            "autoload": {
                "psr-4": {
                    "Symfony\\Component\\Console\\": "src/"
                }
            },
            "config": {
                "platform": {
                    "php": "7.4.3"
                }
            }
        },
        {
            "name": "guzzlehttp/guzzle",
            "version": "7.3.0",
            "source": {
                "type": "git",
                "url": "https://github.com/guzzle/guzzle.git",
                "reference": "47b6c4f04f0ec268b647999d249ee7aee7049946"
            },
            "dist": {
                "type": "tar",
                "url": "https://api.github.com/repos/guzzle/guzzle/tarball/47b6c4f04f0ec268b647999d249ee7aee7049946",
                "reference": "47b6c4f04f0ec268b647999d249ee7aee7049946",
                "shasum": ""
            },
            "require": {
                "php": "^7.2.5 || ^8.0"
            },
            "autoload": {
                "psr-4": {
                    "GuzzleHttp\\": "src/"
                }
            }
        }
    ],
    "packages-dev": [
        {
            "name": "phpunit/phpunit",
            "version": "9.5.10",
            "source": {
                "type": "git",
                "url": "https://github.com/sebastianbergmann/phpunit.git",
                "reference": "cba6ad3f459b672c992ac26e7b635c15ab7e43e6"
            },
            "dist": {
                "type": "tar",
                "url": "https://api.github.com/repos/sebastianbergmann/phpunit/tarball/cba6ad3f459b672c992ac26e7b635c15ab7e43e6",
                "reference": "cba6ad3f459b672c992ac26e7b635c15ab7e43e6",
                "shasum": ""
            },
            "require": {
                "php": "^7.3 || ^8.0"
            }
        }
    ],
    "installers": [],
    "version": "1.10.0",
    "platform": {
        "php": "7.4.3"
    }
}
